
Microsoft Visual Studio Solution File, Format Version 12.00
# Visual Studio Version 16
VisualStudioVersion = 16.0.30611.23
MinimumVisualStudioVersion = 10.0.40219.1
Project("{FAE04EC0-301F-11D3-BF4B-00C04F79EFBC}") = "1-Delegates", "1-Delegates\1-Delegates.csproj", "{8F527582-E99D-4AAD-B34B-B0849453D770}"
EndProject
Global
	GlobalSection(SolutionConfigurationPlatforms) = preSolution
		Debug|Any CPU = Debug|Any CPU
		Release|Any CPU = Release|Any CPU
	EndGlobalSection
	GlobalSection(ProjectConfigurationPlatforms) = postSolution
		{8F527582-E99D-4AAD-B34B-B0849453D770}.Debug|Any CPU.ActiveCfg = Debug|Any CPU
		{8F527582-E99D-4AAD-B34B-B0849453D770}.Debug|Any CPU.Build.0 = Debug|Any CPU
		{8F527582-E99D-4AAD-B34B-B0849453D770}.Release|Any CPU.ActiveCfg = Release|Any CPU
		{8F527582-E99D-4AAD-B34B-B0849453D770}.Release|Any CPU.Build.0 = Release|Any CPU
	EndGlobalSection
	GlobalSection(SolutionProperties) = preSolution
		HideSolutionNode = FALSE
	EndGlobalSection
	GlobalSection(ExtensibilityGlobals) = postSolution
		SolutionGuid = {E5840D48-A1B5-4E90-B3B5-62C5A8B7EC82}
	EndGlobalSection
EndGlobal
